
Microsoft Visual Studio Solution File, Format Version 12.00
# Visual Studio Version 17
VisualStudioVersion = 17.3.32929.385
MinimumVisualStudioVersion = 10.0.40219.1
Project("{FAE04EC0-301F-11D3-BF4B-00C04F79EFBC}") = "RVCRestructured", "RVCRestructured\Source\RVCRestructured.csproj", "{F78E87DF-ABBE-5033-8BFC-FD1D7B612D32}"
EndProject
Project("{FAE04EC0-301F-11D3-BF4B-00C04F79EFBC}") = "Definitions", "RVCRestructured\Defs\Definitions.csproj", "{03B13420-9B41-B7A8-5730-C3D38F6F4781}"
EndProject
Global
	GlobalSection(SolutionConfigurationPlatforms) = preSolution
		Debug|Any CPU = Debug|Any CPU
		Publish|Any CPU = Publish|Any CPU
		Release|Any CPU = Release|Any CPU
	EndGlobalSection
	GlobalSection(ProjectConfigurationPlatforms) = postSolution
		{F78E87DF-ABBE-5033-8BFC-FD1D7B612D32}.Debug|Any CPU.ActiveCfg = Debug|Any CPU
		{F78E87DF-ABBE-5033-8BFC-FD1D7B612D32}.Debug|Any CPU.Build.0 = Debug|Any CPU
		{F78E87DF-ABBE-5033-8BFC-FD1D7B612D32}.Publish|Any CPU.ActiveCfg = Publish|Any CPU
		{F78E87DF-ABBE-5033-8BFC-FD1D7B612D32}.Publish|Any CPU.Build.0 = Publish|Any CPU
		{F78E87DF-ABBE-5033-8BFC-FD1D7B612D32}.Release|Any CPU.ActiveCfg = Release|Any CPU
		{F78E87DF-ABBE-5033-8BFC-FD1D7B612D32}.Release|Any CPU.Build.0 = Release|Any CPU
		{03B13420-9B41-B7A8-5730-C3D38F6F4781}.Debug|Any CPU.ActiveCfg = Debug|Any CPU
		{03B13420-9B41-B7A8-5730-C3D38F6F4781}.Debug|Any CPU.Build.0 = Debug|Any CPU
		{03B13420-9B41-B7A8-5730-C3D38F6F4781}.Publish|Any CPU.ActiveCfg = Release|Any CPU
		{03B13420-9B41-B7A8-5730-C3D38F6F4781}.Publish|Any CPU.Build.0 = Release|Any CPU
		{03B13420-9B41-B7A8-5730-C3D38F6F4781}.Release|Any CPU.ActiveCfg = Release|Any CPU
		{03B13420-9B41-B7A8-5730-C3D38F6F4781}.Release|Any CPU.Build.0 = Release|Any CPU
	EndGlobalSection
	GlobalSection(SolutionProperties) = preSolution
		HideSolutionNode = FALSE
	EndGlobalSection
	GlobalSection(ExtensibilityGlobals) = postSolution
		SolutionGuid = {5AB5FF77-CAC7-436A-8106-2119B78D3D06}
	EndGlobalSection
EndGlobal
